
Microsoft Visual Studio Solution File, Format Version 12.00
Project("{FAE04EC0-301F-11D3-BF4B-00C04F79EFBC}") = "GeodeFS.Common", "GeodeFS.Common\GeodeFS.Common.csproj", "{8F898F80-7EFD-46F5-BC76-9FB288AC92C5}"
EndProject
Project("{FAE04EC0-301F-11D3-BF4B-00C04F79EFBC}") = "GeodeFS.Server", "GeodeFS.Server\GeodeFS.Server.csproj", "{60BF6AFC-9F6F-4015-98CF-41944F755635}"
EndProject
Project("{FAE04EC0-301F-11D3-BF4B-00C04F79EFBC}") = "GeodeFS.Tests.Federation", "GeodeFS.Tests.Federation\GeodeFS.Tests.Federation.csproj", "{9D39C6E3-318F-479F-822D-B8C130D40119}"
EndProject
Project("{2150E333-8FDC-42A3-9474-1A3956D46DE8}") = "Tests", "Tests", "{C8B3A0B0-9F2A-43AE-B764-3BC31E2477D6}"
EndProject
Project("{2150E333-8FDC-42A3-9474-1A3956D46DE8}") = "Shared", "Shared", "{666FD305-C9DD-457A-888A-26C4A5211056}"
EndProject
Project("{FAE04EC0-301F-11D3-BF4B-00C04F79EFBC}") = "GeodeFS.Database", "GeodeFS.Database\GeodeFS.Database.csproj", "{7AF5BEB7-83D2-48DB-A0D5-AA9BBA09C326}"
EndProject
Project("{FAE04EC0-301F-11D3-BF4B-00C04F79EFBC}") = "GeodeFS.Tests", "GeodeFS.Tests\GeodeFS.Tests.csproj", "{88145CCA-5AEA-4873-8A16-D4535FD6084E}"
EndProject
Project("{FAE04EC0-301F-11D3-BF4B-00C04F79EFBC}") = "GeodeFS.Api", "GeodeFS.Api\GeodeFS.Api.csproj", "{164F77B0-BF51-4AC5-88D9-40DCFAE2B5AD}"
EndProject
Project("{FAE04EC0-301F-11D3-BF4B-00C04F79EFBC}") = "GeodeFS.TestClient", "GeodeFS.TestClient\GeodeFS.TestClient.csproj", "{1C8C412C-390B-436B-803F-8B155C816022}"
EndProject
Global
	GlobalSection(SolutionConfigurationPlatforms) = preSolution
		Debug|Any CPU = Debug|Any CPU
		Release|Any CPU = Release|Any CPU
	EndGlobalSection
	GlobalSection(ProjectConfigurationPlatforms) = postSolution
		{8F898F80-7EFD-46F5-BC76-9FB288AC92C5}.Debug|Any CPU.ActiveCfg = Debug|Any CPU
		{8F898F80-7EFD-46F5-BC76-9FB288AC92C5}.Debug|Any CPU.Build.0 = Debug|Any CPU
		{8F898F80-7EFD-46F5-BC76-9FB288AC92C5}.Release|Any CPU.ActiveCfg = Release|Any CPU
		{8F898F80-7EFD-46F5-BC76-9FB288AC92C5}.Release|Any CPU.Build.0 = Release|Any CPU
		{60BF6AFC-9F6F-4015-98CF-41944F755635}.Debug|Any CPU.ActiveCfg = Debug|Any CPU
		{60BF6AFC-9F6F-4015-98CF-41944F755635}.Debug|Any CPU.Build.0 = Debug|Any CPU
		{60BF6AFC-9F6F-4015-98CF-41944F755635}.Release|Any CPU.ActiveCfg = Release|Any CPU
		{60BF6AFC-9F6F-4015-98CF-41944F755635}.Release|Any CPU.Build.0 = Release|Any CPU
		{9D39C6E3-318F-479F-822D-B8C130D40119}.Debug|Any CPU.ActiveCfg = Debug|Any CPU
		{9D39C6E3-318F-479F-822D-B8C130D40119}.Debug|Any CPU.Build.0 = Debug|Any CPU
		{9D39C6E3-318F-479F-822D-B8C130D40119}.Release|Any CPU.ActiveCfg = Release|Any CPU
		{9D39C6E3-318F-479F-822D-B8C130D40119}.Release|Any CPU.Build.0 = Release|Any CPU
		{7AF5BEB7-83D2-48DB-A0D5-AA9BBA09C326}.Debug|Any CPU.ActiveCfg = Debug|Any CPU
		{7AF5BEB7-83D2-48DB-A0D5-AA9BBA09C326}.Debug|Any CPU.Build.0 = Debug|Any CPU
		{7AF5BEB7-83D2-48DB-A0D5-AA9BBA09C326}.Release|Any CPU.ActiveCfg = Release|Any CPU
		{7AF5BEB7-83D2-48DB-A0D5-AA9BBA09C326}.Release|Any CPU.Build.0 = Release|Any CPU
		{88145CCA-5AEA-4873-8A16-D4535FD6084E}.Debug|Any CPU.ActiveCfg = Debug|Any CPU
		{88145CCA-5AEA-4873-8A16-D4535FD6084E}.Debug|Any CPU.Build.0 = Debug|Any CPU
		{88145CCA-5AEA-4873-8A16-D4535FD6084E}.Release|Any CPU.ActiveCfg = Release|Any CPU
		{88145CCA-5AEA-4873-8A16-D4535FD6084E}.Release|Any CPU.Build.0 = Release|Any CPU
		{164F77B0-BF51-4AC5-88D9-40DCFAE2B5AD}.Debug|Any CPU.ActiveCfg = Debug|Any CPU
		{164F77B0-BF51-4AC5-88D9-40DCFAE2B5AD}.Debug|Any CPU.Build.0 = Debug|Any CPU
		{164F77B0-BF51-4AC5-88D9-40DCFAE2B5AD}.Release|Any CPU.ActiveCfg = Release|Any CPU
		{164F77B0-BF51-4AC5-88D9-40DCFAE2B5AD}.Release|Any CPU.Build.0 = Release|Any CPU
		{1C8C412C-390B-436B-803F-8B155C816022}.Debug|Any CPU.ActiveCfg = Debug|Any CPU
		{1C8C412C-390B-436B-803F-8B155C816022}.Debug|Any CPU.Build.0 = Debug|Any CPU
		{1C8C412C-390B-436B-803F-8B155C816022}.Release|Any CPU.ActiveCfg = Release|Any CPU
		{1C8C412C-390B-436B-803F-8B155C816022}.Release|Any CPU.Build.0 = Release|Any CPU
	EndGlobalSection
	GlobalSection(NestedProjects) = preSolution
		{9D39C6E3-318F-479F-822D-B8C130D40119} = {C8B3A0B0-9F2A-43AE-B764-3BC31E2477D6}
		{8F898F80-7EFD-46F5-BC76-9FB288AC92C5} = {666FD305-C9DD-457A-888A-26C4A5211056}
		{7AF5BEB7-83D2-48DB-A0D5-AA9BBA09C326} = {666FD305-C9DD-457A-888A-26C4A5211056}
		{88145CCA-5AEA-4873-8A16-D4535FD6084E} = {C8B3A0B0-9F2A-43AE-B764-3BC31E2477D6}
		{164F77B0-BF51-4AC5-88D9-40DCFAE2B5AD} = {666FD305-C9DD-457A-888A-26C4A5211056}
	EndGlobalSection
EndGlobal
